{
  "name": "suneditor",
  "lockfileVersion": 3,
  "requires": true,
  "packages": {
    "": {
      "dependencies": {
        "suneditor": "^2.46.1"
      }
    },
    "node_modules/suneditor": {
      "version": "2.46.1",
      "resolved": "https://registry.npmjs.org/suneditor/-/suneditor-2.46.1.tgz",
      "integrity": "sha512-XRNhwtS8ZgkpyDjgM8mNf8uULnakmybPLGgHOovPiWXKh+NAnvnrkAUhW5FXTEsPsPUV4C8wGcu6v9azgFA9tg=="
    }
  }
}
